
Microsoft Visual Studio Solution File, Format Version 12.00
# Visual Studio Version 17
VisualStudioVersion = 17.9.34616.47
MinimumVisualStudioVersion = 10.0.40219.1
Project("{2150E333-8FDC-42A3-9474-1A3956D46DE8}") = "S001.ProjectOverview", "S001.ProjectOverview", "{9DC1923F-6C6B-41E6-8425-70D2007BDFE5}"
EndProject
Project("{9A19103F-16F7-4668-BE54-9A1E7A4F7556}") = "P1.Do not use top-level statements", "S001.ProjectOverview\P1.Do not use top-level statements\P1.Do not use top-level statements.csproj", "{DA5630DD-012B-49BE-BDA7-60842F826A89}"
EndProject
Project("{9A19103F-16F7-4668-BE54-9A1E7A4F7556}") = "P2.Use top-level statements", "S001.ProjectOverview\P2.Use top-level statements\P2.Use top-level statements.csproj", "{8C9E7A80-27DC-429E-AB7C-31A72147A0B0}"
EndProject
Project("{2150E333-8FDC-42A3-9474-1A3956D46DE8}") = "S002.Write", "S002.Write", "{7CA39CD8-B528-44B6-876D-DD8E567AE798}"
EndProject
Project("{9A19103F-16F7-4668-BE54-9A1E7A4F7556}") = "P1.Write", "S002.Write\P1.Write\P1.Write.csproj", "{63641AEC-00D3-48B0-9E9B-DD399FC7D8E4}"
EndProject
Project("{9A19103F-16F7-4668-BE54-9A1E7A4F7556}") = "P2.WriteLine", "S002.Write\P2.WriteLine\P2.WriteLine.csproj", "{DBD79D2D-E308-4050-9B0E-8F5C722BBF58}"
EndProject
Project("{2150E333-8FDC-42A3-9474-1A3956D46DE8}") = "S004.FormatDocument", "S004.FormatDocument", "{B05933F0-EC23-47CB-B531-C34996C3BE84}"
EndProject
Project("{2150E333-8FDC-42A3-9474-1A3956D46DE8}") = "S003.Comment", "S003.Comment", "{5A5EE68E-FC37-4A43-8485-1341BB2B45AF}"
EndProject
Project("{FAE04EC0-301F-11D3-BF4B-00C04F79EFBC}") = "P1", "S003.Comment\P1\P1.csproj", "{991BE795-C731-4FB2-ACA9-9C0D57240A2A}"
EndProject
Project("{FAE04EC0-301F-11D3-BF4B-00C04F79EFBC}") = "P1.Chaos", "S004.FormatDocument\P1.Chaos\P1.Chaos.csproj", "{DEB3536F-9719-4EDB-8D8F-4B784B648D24}"
EndProject
Project("{FAE04EC0-301F-11D3-BF4B-00C04F79EFBC}") = "P2.Format", "S004.FormatDocument\P2.Format\P2.Format.csproj", "{58A8D137-E5C2-412D-A890-F6D465628992}"
EndProject
Project("{2150E333-8FDC-42A3-9474-1A3956D46DE8}") = "S005.Variable", "S005.Variable", "{C33BA75B-1A6F-4229-895B-72EFFA561B52}"
EndProject
Global
	GlobalSection(SolutionConfigurationPlatforms) = preSolution
		Debug|Any CPU = Debug|Any CPU
		Release|Any CPU = Release|Any CPU
	EndGlobalSection
	GlobalSection(ProjectConfigurationPlatforms) = postSolution
		{DA5630DD-012B-49BE-BDA7-60842F826A89}.Debug|Any CPU.ActiveCfg = Debug|Any CPU
		{DA5630DD-012B-49BE-BDA7-60842F826A89}.Debug|Any CPU.Build.0 = Debug|Any CPU
		{DA5630DD-012B-49BE-BDA7-60842F826A89}.Release|Any CPU.ActiveCfg = Release|Any CPU
		{DA5630DD-012B-49BE-BDA7-60842F826A89}.Release|Any CPU.Build.0 = Release|Any CPU
		{8C9E7A80-27DC-429E-AB7C-31A72147A0B0}.Debug|Any CPU.ActiveCfg = Debug|Any CPU
		{8C9E7A80-27DC-429E-AB7C-31A72147A0B0}.Debug|Any CPU.Build.0 = Debug|Any CPU
		{8C9E7A80-27DC-429E-AB7C-31A72147A0B0}.Release|Any CPU.ActiveCfg = Release|Any CPU
		{8C9E7A80-27DC-429E-AB7C-31A72147A0B0}.Release|Any CPU.Build.0 = Release|Any CPU
		{63641AEC-00D3-48B0-9E9B-DD399FC7D8E4}.Debug|Any CPU.ActiveCfg = Debug|Any CPU
		{63641AEC-00D3-48B0-9E9B-DD399FC7D8E4}.Debug|Any CPU.Build.0 = Debug|Any CPU
		{63641AEC-00D3-48B0-9E9B-DD399FC7D8E4}.Release|Any CPU.ActiveCfg = Release|Any CPU
		{63641AEC-00D3-48B0-9E9B-DD399FC7D8E4}.Release|Any CPU.Build.0 = Release|Any CPU
		{DBD79D2D-E308-4050-9B0E-8F5C722BBF58}.Debug|Any CPU.ActiveCfg = Debug|Any CPU
		{DBD79D2D-E308-4050-9B0E-8F5C722BBF58}.Debug|Any CPU.Build.0 = Debug|Any CPU
		{DBD79D2D-E308-4050-9B0E-8F5C722BBF58}.Release|Any CPU.ActiveCfg = Release|Any CPU
		{DBD79D2D-E308-4050-9B0E-8F5C722BBF58}.Release|Any CPU.Build.0 = Release|Any CPU
		{991BE795-C731-4FB2-ACA9-9C0D57240A2A}.Debug|Any CPU.ActiveCfg = Debug|Any CPU
		{991BE795-C731-4FB2-ACA9-9C0D57240A2A}.Debug|Any CPU.Build.0 = Debug|Any CPU
		{991BE795-C731-4FB2-ACA9-9C0D57240A2A}.Release|Any CPU.ActiveCfg = Release|Any CPU
		{991BE795-C731-4FB2-ACA9-9C0D57240A2A}.Release|Any CPU.Build.0 = Release|Any CPU
		{DEB3536F-9719-4EDB-8D8F-4B784B648D24}.Debug|Any CPU.ActiveCfg = Debug|Any CPU
		{DEB3536F-9719-4EDB-8D8F-4B784B648D24}.Debug|Any CPU.Build.0 = Debug|Any CPU
		{DEB3536F-9719-4EDB-8D8F-4B784B648D24}.Release|Any CPU.ActiveCfg = Release|Any CPU
		{DEB3536F-9719-4EDB-8D8F-4B784B648D24}.Release|Any CPU.Build.0 = Release|Any CPU
		{58A8D137-E5C2-412D-A890-F6D465628992}.Debug|Any CPU.ActiveCfg = Debug|Any CPU
		{58A8D137-E5C2-412D-A890-F6D465628992}.Debug|Any CPU.Build.0 = Debug|Any CPU
		{58A8D137-E5C2-412D-A890-F6D465628992}.Release|Any CPU.ActiveCfg = Release|Any CPU
		{58A8D137-E5C2-412D-A890-F6D465628992}.Release|Any CPU.Build.0 = Release|Any CPU
	EndGlobalSection
	GlobalSection(SolutionProperties) = preSolution
		HideSolutionNode = FALSE
	EndGlobalSection
	GlobalSection(NestedProjects) = preSolution
		{DA5630DD-012B-49BE-BDA7-60842F826A89} = {9DC1923F-6C6B-41E6-8425-70D2007BDFE5}
		{8C9E7A80-27DC-429E-AB7C-31A72147A0B0} = {9DC1923F-6C6B-41E6-8425-70D2007BDFE5}
		{63641AEC-00D3-48B0-9E9B-DD399FC7D8E4} = {7CA39CD8-B528-44B6-876D-DD8E567AE798}
		{DBD79D2D-E308-4050-9B0E-8F5C722BBF58} = {7CA39CD8-B528-44B6-876D-DD8E567AE798}
		{991BE795-C731-4FB2-ACA9-9C0D57240A2A} = {5A5EE68E-FC37-4A43-8485-1341BB2B45AF}
		{DEB3536F-9719-4EDB-8D8F-4B784B648D24} = {B05933F0-EC23-47CB-B531-C34996C3BE84}
		{58A8D137-E5C2-412D-A890-F6D465628992} = {B05933F0-EC23-47CB-B531-C34996C3BE84}
	EndGlobalSection
	GlobalSection(ExtensibilityGlobals) = postSolution
		SolutionGuid = {5E690C0A-E129-454E-B795-6E4156276271}
	EndGlobalSection
EndGlobal
